
Microsoft Visual Studio Solution File, Format Version 12.00
# Visual Studio 2017
Project("{FAE04EC0-301F-11D3-BF4B-00C04F79EFBC}") = "Client_Main", "Client_Main.csproj", "{0B2A6323-4CC9-60D2-57E7-FBF31DFB32E6}"
EndProject
Project("{FAE04EC0-301F-11D3-BF4B-00C04F79EFBC}") = "Client_Main.Plugins", "Client_Main.Plugins.csproj", "{F3DDC621-BFD7-55EA-1F4E-AAD0042480A0}"
EndProject
Project("{FAE04EC0-301F-11D3-BF4B-00C04F79EFBC}") = "Client_Main.Editor", "Client_Main.Editor.csproj", "{C1EDBAD2-E671-438E-0E46-0762EC508593}"
EndProject
Global
	GlobalSection(SolutionConfigurationPlatforms) = preSolution
		Debug|Any CPU = Debug|Any CPU
		Release|Any CPU = Release|Any CPU
	EndGlobalSection
	GlobalSection(ProjectConfigurationPlatforms) = postSolution
		{0B2A6323-4CC9-60D2-57E7-FBF31DFB32E6}.Debug|Any CPU.ActiveCfg = Debug|Any CPU
		{0B2A6323-4CC9-60D2-57E7-FBF31DFB32E6}.Debug|Any CPU.Build.0 = Debug|Any CPU
		{0B2A6323-4CC9-60D2-57E7-FBF31DFB32E6}.Release|Any CPU.ActiveCfg = Release|Any CPU
		{0B2A6323-4CC9-60D2-57E7-FBF31DFB32E6}.Release|Any CPU.Build.0 = Release|Any CPU
		{F3DDC621-BFD7-55EA-1F4E-AAD0042480A0}.Debug|Any CPU.ActiveCfg = Debug|Any CPU
		{F3DDC621-BFD7-55EA-1F4E-AAD0042480A0}.Debug|Any CPU.Build.0 = Debug|Any CPU
		{F3DDC621-BFD7-55EA-1F4E-AAD0042480A0}.Release|Any CPU.ActiveCfg = Release|Any CPU
		{F3DDC621-BFD7-55EA-1F4E-AAD0042480A0}.Release|Any CPU.Build.0 = Release|Any CPU
		{C1EDBAD2-E671-438E-0E46-0762EC508593}.Debug|Any CPU.ActiveCfg = Debug|Any CPU
		{C1EDBAD2-E671-438E-0E46-0762EC508593}.Debug|Any CPU.Build.0 = Debug|Any CPU
		{C1EDBAD2-E671-438E-0E46-0762EC508593}.Release|Any CPU.ActiveCfg = Release|Any CPU
		{C1EDBAD2-E671-438E-0E46-0762EC508593}.Release|Any CPU.Build.0 = Release|Any CPU
	EndGlobalSection
	GlobalSection(SolutionProperties) = preSolution
		HideSolutionNode = FALSE
	EndGlobalSection
EndGlobal
